
Microsoft Visual Studio Solution File, Format Version 12.00
# Visual Studio Version 17
VisualStudioVersion = 17.5.2.0
MinimumVisualStudioVersion = 10.0.40219.1
Project("{9A19103F-16F7-4668-BE54-9A1E7A4F7556}") = "semana2", "semana2\semana2.csproj", "{E17A39C7-9F70-4E47-AF08-0DBD541BA5BA}"
EndProject
Project("{FAE04EC0-301F-11D3-BF4B-00C04F79EFBC}") = "Practico", "Practico\Practico.csproj", "{FE741616-8B63-46A6-8CCA-1B5247864AB0}"
EndProject
Project("{FAE04EC0-301F-11D3-BF4B-00C04F79EFBC}") = "semana 5", "semana 5\semana 5.csproj", "{84DD206A-BD77-4236-9766-1C8C4489497F}"
EndProject
Project("{FAE04EC0-301F-11D3-BF4B-00C04F79EFBC}") = "semana5", "semana5\semana5.csproj", "{24433624-E775-47E5-9D38-34FC3E9F5A04}"
EndProject
Project("{FAE04EC0-301F-11D3-BF4B-00C04F79EFBC}") = "semana 6", "semana 6\semana 6.csproj", "{36B48909-DD2B-4002-841E-8B06DE585774}"
EndProject
Project("{FAE04EC0-301F-11D3-BF4B-00C04F79EFBC}") = "pregunta1", "pregunta1\pregunta1.csproj", "{94E795A3-FF5C-44D7-99A1-6C7F6D4F746D}"
EndProject
Project("{FAE04EC0-301F-11D3-BF4B-00C04F79EFBC}") = "pregunta2", "pregunta2\pregunta2.csproj", "{50796CC9-9FC4-48D2-9281-A9BE5BA66768}"
EndProject
Project("{FAE04EC0-301F-11D3-BF4B-00C04F79EFBC}") = "semana7", "semana7\semana7.csproj", "{D875D29E-2304-4346-9614-7197CE184234}"
EndProject
Project("{FAE04EC0-301F-11D3-BF4B-00C04F79EFBC}") = "practico2", "practico2\practico2.csproj", "{279AC766-2233-4273-8ED4-DB46DDE47E60}"
EndProject
Project("{FAE04EC0-301F-11D3-BF4B-00C04F79EFBC}") = "tarea10.", "tarea10\tarea10..csproj", "{F07F1A7A-567D-4C80-8EB5-B82BC452AEBD}"
EndProject
Project("{FAE04EC0-301F-11D3-BF4B-00C04F79EFBC}") = "Semana10", "Semana10\Semana10.csproj", "{EDA6148C-9C72-462B-B474-B5161040759D}"
EndProject
Global
	GlobalSection(SolutionConfigurationPlatforms) = preSolution
		Debug|Any CPU = Debug|Any CPU
		Release|Any CPU = Release|Any CPU
	EndGlobalSection
	GlobalSection(ProjectConfigurationPlatforms) = postSolution
		{E17A39C7-9F70-4E47-AF08-0DBD541BA5BA}.Debug|Any CPU.ActiveCfg = Debug|Any CPU
		{E17A39C7-9F70-4E47-AF08-0DBD541BA5BA}.Debug|Any CPU.Build.0 = Debug|Any CPU
		{E17A39C7-9F70-4E47-AF08-0DBD541BA5BA}.Release|Any CPU.ActiveCfg = Release|Any CPU
		{E17A39C7-9F70-4E47-AF08-0DBD541BA5BA}.Release|Any CPU.Build.0 = Release|Any CPU
		{FE741616-8B63-46A6-8CCA-1B5247864AB0}.Debug|Any CPU.ActiveCfg = Debug|Any CPU
		{FE741616-8B63-46A6-8CCA-1B5247864AB0}.Debug|Any CPU.Build.0 = Debug|Any CPU
		{FE741616-8B63-46A6-8CCA-1B5247864AB0}.Release|Any CPU.ActiveCfg = Release|Any CPU
		{FE741616-8B63-46A6-8CCA-1B5247864AB0}.Release|Any CPU.Build.0 = Release|Any CPU
		{84DD206A-BD77-4236-9766-1C8C4489497F}.Debug|Any CPU.ActiveCfg = Debug|Any CPU
		{84DD206A-BD77-4236-9766-1C8C4489497F}.Debug|Any CPU.Build.0 = Debug|Any CPU
		{84DD206A-BD77-4236-9766-1C8C4489497F}.Release|Any CPU.ActiveCfg = Release|Any CPU
		{84DD206A-BD77-4236-9766-1C8C4489497F}.Release|Any CPU.Build.0 = Release|Any CPU
		{24433624-E775-47E5-9D38-34FC3E9F5A04}.Debug|Any CPU.ActiveCfg = Debug|Any CPU
		{24433624-E775-47E5-9D38-34FC3E9F5A04}.Debug|Any CPU.Build.0 = Debug|Any CPU
		{24433624-E775-47E5-9D38-34FC3E9F5A04}.Release|Any CPU.ActiveCfg = Release|Any CPU
		{24433624-E775-47E5-9D38-34FC3E9F5A04}.Release|Any CPU.Build.0 = Release|Any CPU
		{36B48909-DD2B-4002-841E-8B06DE585774}.Debug|Any CPU.ActiveCfg = Debug|Any CPU
		{36B48909-DD2B-4002-841E-8B06DE585774}.Debug|Any CPU.Build.0 = Debug|Any CPU
		{36B48909-DD2B-4002-841E-8B06DE585774}.Release|Any CPU.ActiveCfg = Release|Any CPU
		{36B48909-DD2B-4002-841E-8B06DE585774}.Release|Any CPU.Build.0 = Release|Any CPU
		{94E795A3-FF5C-44D7-99A1-6C7F6D4F746D}.Debug|Any CPU.ActiveCfg = Debug|Any CPU
		{94E795A3-FF5C-44D7-99A1-6C7F6D4F746D}.Debug|Any CPU.Build.0 = Debug|Any CPU
		{94E795A3-FF5C-44D7-99A1-6C7F6D4F746D}.Release|Any CPU.ActiveCfg = Release|Any CPU
		{94E795A3-FF5C-44D7-99A1-6C7F6D4F746D}.Release|Any CPU.Build.0 = Release|Any CPU
		{50796CC9-9FC4-48D2-9281-A9BE5BA66768}.Debug|Any CPU.ActiveCfg = Debug|Any CPU
		{50796CC9-9FC4-48D2-9281-A9BE5BA66768}.Debug|Any CPU.Build.0 = Debug|Any CPU
		{50796CC9-9FC4-48D2-9281-A9BE5BA66768}.Release|Any CPU.ActiveCfg = Release|Any CPU
		{50796CC9-9FC4-48D2-9281-A9BE5BA66768}.Release|Any CPU.Build.0 = Release|Any CPU
		{D875D29E-2304-4346-9614-7197CE184234}.Debug|Any CPU.ActiveCfg = Debug|Any CPU
		{D875D29E-2304-4346-9614-7197CE184234}.Debug|Any CPU.Build.0 = Debug|Any CPU
		{D875D29E-2304-4346-9614-7197CE184234}.Release|Any CPU.ActiveCfg = Release|Any CPU
		{D875D29E-2304-4346-9614-7197CE184234}.Release|Any CPU.Build.0 = Release|Any CPU
		{279AC766-2233-4273-8ED4-DB46DDE47E60}.Debug|Any CPU.ActiveCfg = Debug|Any CPU
		{279AC766-2233-4273-8ED4-DB46DDE47E60}.Debug|Any CPU.Build.0 = Debug|Any CPU
		{279AC766-2233-4273-8ED4-DB46DDE47E60}.Release|Any CPU.ActiveCfg = Release|Any CPU
		{279AC766-2233-4273-8ED4-DB46DDE47E60}.Release|Any CPU.Build.0 = Release|Any CPU
		{F07F1A7A-567D-4C80-8EB5-B82BC452AEBD}.Debug|Any CPU.ActiveCfg = Debug|Any CPU
		{F07F1A7A-567D-4C80-8EB5-B82BC452AEBD}.Debug|Any CPU.Build.0 = Debug|Any CPU
		{F07F1A7A-567D-4C80-8EB5-B82BC452AEBD}.Release|Any CPU.ActiveCfg = Release|Any CPU
		{F07F1A7A-567D-4C80-8EB5-B82BC452AEBD}.Release|Any CPU.Build.0 = Release|Any CPU
		{EDA6148C-9C72-462B-B474-B5161040759D}.Debug|Any CPU.ActiveCfg = Debug|Any CPU
		{EDA6148C-9C72-462B-B474-B5161040759D}.Debug|Any CPU.Build.0 = Debug|Any CPU
		{EDA6148C-9C72-462B-B474-B5161040759D}.Release|Any CPU.ActiveCfg = Release|Any CPU
		{EDA6148C-9C72-462B-B474-B5161040759D}.Release|Any CPU.Build.0 = Release|Any CPU
	EndGlobalSection
	GlobalSection(SolutionProperties) = preSolution
		HideSolutionNode = FALSE
	EndGlobalSection
	GlobalSection(ExtensibilityGlobals) = postSolution
		SolutionGuid = {9D581080-29DD-4456-B7D5-2D221836C7A7}
	EndGlobalSection
EndGlobal
