
Microsoft Visual Studio Solution File, Format Version 12.00
# Visual Studio Version 17
VisualStudioVersion = 17.5.002.0
MinimumVisualStudioVersion = 10.0.40219.1
Project("{9A19103F-16F7-4668-BE54-9A1E7A4F7556}") = "semana2", "semana2\semana2.csproj", "{E17A39C7-9F70-4E47-AF08-0DBD541BA5BA}"
EndProject
Project("{FAE04EC0-301F-11D3-BF4B-00C04F79EFBC}") = "Practico", "Practico\Practico.csproj", "{FE741616-8B63-46A6-8CCA-1B5247864AB0}"
EndProject
Project("{FAE04EC0-301F-11D3-BF4B-00C04F79EFBC}") = "semana 5", "semana 5\semana 5.csproj", "{84DD206A-BD77-4236-9766-1C8C4489497F}"
EndProject
Project("{FAE04EC0-301F-11D3-BF4B-00C04F79EFBC}") = "semana5", "semana5\semana5.csproj", "{24433624-E775-47E5-9D38-34FC3E9F5A04}"
EndProject
Project("{FAE04EC0-301F-11D3-BF4B-00C04F79EFBC}") = "semana 6", "semana 6\semana 6.csproj", "{36B48909-DD2B-4002-841E-8B06DE585774}"
EndProject
Global
	GlobalSection(SolutionConfigurationPlatforms) = preSolution
		Debug|Any CPU = Debug|Any CPU
		Release|Any CPU = Release|Any CPU
	EndGlobalSection
	GlobalSection(ProjectConfigurationPlatforms) = postSolution
		{E17A39C7-9F70-4E47-AF08-0DBD541BA5BA}.Debug|Any CPU.ActiveCfg = Debug|Any CPU
		{E17A39C7-9F70-4E47-AF08-0DBD541BA5BA}.Debug|Any CPU.Build.0 = Debug|Any CPU
		{E17A39C7-9F70-4E47-AF08-0DBD541BA5BA}.Release|Any CPU.ActiveCfg = Release|Any CPU
		{E17A39C7-9F70-4E47-AF08-0DBD541BA5BA}.Release|Any CPU.Build.0 = Release|Any CPU
		{FE741616-8B63-46A6-8CCA-1B5247864AB0}.Debug|Any CPU.ActiveCfg = Debug|Any CPU
		{FE741616-8B63-46A6-8CCA-1B5247864AB0}.Debug|Any CPU.Build.0 = Debug|Any CPU
		{FE741616-8B63-46A6-8CCA-1B5247864AB0}.Release|Any CPU.ActiveCfg = Release|Any CPU
		{FE741616-8B63-46A6-8CCA-1B5247864AB0}.Release|Any CPU.Build.0 = Release|Any CPU
		{84DD206A-BD77-4236-9766-1C8C4489497F}.Debug|Any CPU.ActiveCfg = Debug|Any CPU
		{84DD206A-BD77-4236-9766-1C8C4489497F}.Debug|Any CPU.Build.0 = Debug|Any CPU
		{84DD206A-BD77-4236-9766-1C8C4489497F}.Release|Any CPU.ActiveCfg = Release|Any CPU
		{84DD206A-BD77-4236-9766-1C8C4489497F}.Release|Any CPU.Build.0 = Release|Any CPU
		{24433624-E775-47E5-9D38-34FC3E9F5A04}.Debug|Any CPU.ActiveCfg = Debug|Any CPU
		{24433624-E775-47E5-9D38-34FC3E9F5A04}.Debug|Any CPU.Build.0 = Debug|Any CPU
		{24433624-E775-47E5-9D38-34FC3E9F5A04}.Release|Any CPU.ActiveCfg = Release|Any CPU
		{24433624-E775-47E5-9D38-34FC3E9F5A04}.Release|Any CPU.Build.0 = Release|Any CPU
		{36B48909-DD2B-4002-841E-8B06DE585774}.Debug|Any CPU.ActiveCfg = Debug|Any CPU
		{36B48909-DD2B-4002-841E-8B06DE585774}.Debug|Any CPU.Build.0 = Debug|Any CPU
		{36B48909-DD2B-4002-841E-8B06DE585774}.Release|Any CPU.ActiveCfg = Release|Any CPU
		{36B48909-DD2B-4002-841E-8B06DE585774}.Release|Any CPU.Build.0 = Release|Any CPU
	EndGlobalSection
	GlobalSection(SolutionProperties) = preSolution
		HideSolutionNode = FALSE
	EndGlobalSection
	GlobalSection(ExtensibilityGlobals) = postSolution
		SolutionGuid = {9D581080-29DD-4456-B7D5-2D221836C7A7}
	EndGlobalSection
EndGlobal
